
Microsoft Visual Studio Solution File, Format Version 12.00
# Visual Studio Version 16
VisualStudioVersion = 16.0.30907.101
MinimumVisualStudioVersion = 10.0.40219.1
Project("{FAE04EC0-301F-11D3-BF4B-00C04F79EFBC}") = "ontap", "ontap\ontap.csproj", "{154C361F-5E1D-4BE7-AAF6-BA21728B7B9E}"
EndProject
Global
	GlobalSection(SolutionConfigurationPlatforms) = preSolution
		Debug|Any CPU = Debug|Any CPU
		Release|Any CPU = Release|Any CPU
	EndGlobalSection
	GlobalSection(ProjectConfigurationPlatforms) = postSolution
		{154C361F-5E1D-4BE7-AAF6-BA21728B7B9E}.Debug|Any CPU.ActiveCfg = Debug|Any CPU
		{154C361F-5E1D-4BE7-AAF6-BA21728B7B9E}.Debug|Any CPU.Build.0 = Debug|Any CPU
		{154C361F-5E1D-4BE7-AAF6-BA21728B7B9E}.Release|Any CPU.ActiveCfg = Release|Any CPU
		{154C361F-5E1D-4BE7-AAF6-BA21728B7B9E}.Release|Any CPU.Build.0 = Release|Any CPU
	EndGlobalSection
	GlobalSection(SolutionProperties) = preSolution
		HideSolutionNode = FALSE
	EndGlobalSection
	GlobalSection(ExtensibilityGlobals) = postSolution
		SolutionGuid = {263D0024-A4C0-4F5F-8649-DF53932D6F18}
	EndGlobalSection
EndGlobal
